
Microsoft Visual Studio Solution File, Format Version 12.00
# Visual Studio Version 17
VisualStudioVersion = 17.5.002.0
MinimumVisualStudioVersion = 10.0.40219.1
Project("{9A19103F-16F7-4668-BE54-9A1E7A4F7556}") = "08", "08.csproj", "{07FCAB18-E691-44D9-A70D-59B16B919CEB}"
EndProject
Global
	GlobalSection(SolutionConfigurationPlatforms) = preSolution
		Debug|Any CPU = Debug|Any CPU
		Release|Any CPU = Release|Any CPU
	EndGlobalSection
	GlobalSection(ProjectConfigurationPlatforms) = postSolution
		{07FCAB18-E691-44D9-A70D-59B16B919CEB}.Debug|Any CPU.ActiveCfg = Debug|Any CPU
		{07FCAB18-E691-44D9-A70D-59B16B919CEB}.Debug|Any CPU.Build.0 = Debug|Any CPU
		{07FCAB18-E691-44D9-A70D-59B16B919CEB}.Release|Any CPU.ActiveCfg = Release|Any CPU
		{07FCAB18-E691-44D9-A70D-59B16B919CEB}.Release|Any CPU.Build.0 = Release|Any CPU
	EndGlobalSection
	GlobalSection(SolutionProperties) = preSolution
		HideSolutionNode = FALSE
	EndGlobalSection
	GlobalSection(ExtensibilityGlobals) = postSolution
		SolutionGuid = {D2F0D2E6-85BC-4080-9199-5702482C85CA}
	EndGlobalSection
EndGlobal
